
Microsoft Visual Studio Solution File, Format Version 12.00
# Visual Studio Version 17
VisualStudioVersion = 17.1.32421.90
MinimumVisualStudioVersion = 10.0.40219.1
Project("{FAE04EC0-301F-11D3-BF4B-00C04F79EFBC}") = "Mobile Academic App.Android", "Mobile Academic App.Android\Mobile Academic App.Android.csproj", "{0BF54468-BFFF-4AFC-8682-E68835417EB4}"
EndProject
Project("{FAE04EC0-301F-11D3-BF4B-00C04F79EFBC}") = "Mobile Academic App", "Mobile Academic App\Mobile Academic App.csproj", "{FD8AEDC3-C1D1-4EAC-8DC3-E5F76C2A7B2F}"
EndProject
Global
	GlobalSection(SolutionConfigurationPlatforms) = preSolution
		Debug|Any CPU = Debug|Any CPU
		Release|Any CPU = Release|Any CPU
	EndGlobalSection
	GlobalSection(ProjectConfigurationPlatforms) = postSolution
		{0BF54468-BFFF-4AFC-8682-E68835417EB4}.Debug|Any CPU.ActiveCfg = Debug|Any CPU
		{0BF54468-BFFF-4AFC-8682-E68835417EB4}.Debug|Any CPU.Build.0 = Debug|Any CPU
		{0BF54468-BFFF-4AFC-8682-E68835417EB4}.Debug|Any CPU.Deploy.0 = Debug|Any CPU
		{0BF54468-BFFF-4AFC-8682-E68835417EB4}.Release|Any CPU.ActiveCfg = Release|Any CPU
		{0BF54468-BFFF-4AFC-8682-E68835417EB4}.Release|Any CPU.Build.0 = Release|Any CPU
		{0BF54468-BFFF-4AFC-8682-E68835417EB4}.Release|Any CPU.Deploy.0 = Release|Any CPU
		{FD8AEDC3-C1D1-4EAC-8DC3-E5F76C2A7B2F}.Debug|Any CPU.ActiveCfg = Debug|Any CPU
		{FD8AEDC3-C1D1-4EAC-8DC3-E5F76C2A7B2F}.Debug|Any CPU.Build.0 = Debug|Any CPU
		{FD8AEDC3-C1D1-4EAC-8DC3-E5F76C2A7B2F}.Debug|Any CPU.Deploy.0 = Debug|Any CPU
		{FD8AEDC3-C1D1-4EAC-8DC3-E5F76C2A7B2F}.Release|Any CPU.ActiveCfg = Release|Any CPU
		{FD8AEDC3-C1D1-4EAC-8DC3-E5F76C2A7B2F}.Release|Any CPU.Build.0 = Release|Any CPU
		{FD8AEDC3-C1D1-4EAC-8DC3-E5F76C2A7B2F}.Release|Any CPU.Deploy.0 = Release|Any CPU
	EndGlobalSection
	GlobalSection(SolutionProperties) = preSolution
		HideSolutionNode = FALSE
	EndGlobalSection
	GlobalSection(ExtensibilityGlobals) = postSolution
		SolutionGuid = {381E0AAB-0323-4382-B13B-1756D257CFD0}
	EndGlobalSection
EndGlobal
